
Microsoft Visual Studio Solution File, Format Version 12.00
# Visual Studio Version 16
VisualStudioVersion = 16.0.31402.337
MinimumVisualStudioVersion = 10.0.40219.1
Project("{FAE04EC0-301F-11D3-BF4B-00C04F79EFBC}") = "UçuşRezervasyon", "UçuşRezervasyon\UçuşRezervasyon.csproj", "{10E3CB97-3206-4D79-8A61-14B9F441D212}"
EndProject
Global
	GlobalSection(SolutionConfigurationPlatforms) = preSolution
		Debug|Any CPU = Debug|Any CPU
		Release|Any CPU = Release|Any CPU
	EndGlobalSection
	GlobalSection(ProjectConfigurationPlatforms) = postSolution
		{10E3CB97-3206-4D79-8A61-14B9F441D212}.Debug|Any CPU.ActiveCfg = Debug|Any CPU
		{10E3CB97-3206-4D79-8A61-14B9F441D212}.Debug|Any CPU.Build.0 = Debug|Any CPU
		{10E3CB97-3206-4D79-8A61-14B9F441D212}.Release|Any CPU.ActiveCfg = Release|Any CPU
		{10E3CB97-3206-4D79-8A61-14B9F441D212}.Release|Any CPU.Build.0 = Release|Any CPU
	EndGlobalSection
	GlobalSection(SolutionProperties) = preSolution
		HideSolutionNode = FALSE
	EndGlobalSection
	GlobalSection(ExtensibilityGlobals) = postSolution
		SolutionGuid = {C5464E24-9F4D-4B82-8FEE-154D0F1011FC}
	EndGlobalSection
EndGlobal
